// !$*UTF8*$!
{
	archiveVersion = 1;
	classes = {
	};
	objectVersion = 56;
	objects = {

/* Begin PBXBuildFile section */
		2B1356502AE3E1C700674E6F /* SearchViewController.swift in Sources */ = {isa = PBXBuildFile; fileRef = 2B13564F2AE3E1C700674E6F /* SearchViewController.swift */; };
		2B1356532AE6536500674E6F /* EpisodeInfoCollectionViewCellViewModel.swift in Sources */ = {isa = PBXBuildFile; fileRef = 2B1356522AE6536500674E6F /* EpisodeInfoCollectionViewCellViewModel.swift */; };
		2B1356562AE6542500674E6F /* EpisodeInfoCollectionViewCell.swift in Sources */ = {isa = PBXBuildFile; fileRef = 2B1356552AE6542500674E6F /* EpisodeInfoCollectionViewCell.swift */; };
		2B8E63DC2ADC1EE30051F140 /* CharacterDetailViewController.swift in Sources */ = {isa = PBXBuildFile; fileRef = 2B8E63DB2ADC1EE30051F140 /* CharacterDetailViewController.swift */; };
		2BA0EB862ADC22440004E1AA /* CharacterDetailViewModel.swift in Sources */ = {isa = PBXBuildFile; fileRef = 2BA0EB852ADC22440004E1AA /* CharacterDetailViewModel.swift */; };
		2BA0EB882ADC3C2B0004E1AA /* ImageManager.swift in Sources */ = {isa = PBXBuildFile; fileRef = 2BA0EB872ADC3C2B0004E1AA /* ImageManager.swift */; };
		2BA0EB8A2ADC65BC0004E1AA /* FooterLoadingView.swift in Sources */ = {isa = PBXBuildFile; fileRef = 2BA0EB892ADC65BC0004E1AA /* FooterLoadingView.swift */; };
		2BA71DFE2ADFB95000C2A795 /* CharacterPhotoCollectionViewCell.swift in Sources */ = {isa = PBXBuildFile; fileRef = 2BA71DFD2ADFB95000C2A795 /* CharacterPhotoCollectionViewCell.swift */; };
		2BA71E012ADFB96500C2A795 /* CharacterInfoCollectionViewCell.swift in Sources */ = {isa = PBXBuildFile; fileRef = 2BA71E002ADFB96500C2A795 /* CharacterInfoCollectionViewCell.swift */; };
		2BA71E032ADFBA9200C2A795 /* CharacterEpisodeCollectionViewCell.swift in Sources */ = {isa = PBXBuildFile; fileRef = 2BA71E022ADFBA9200C2A795 /* CharacterEpisodeCollectionViewCell.swift */; };
		2BA71E072ADFBB0100C2A795 /* CharacterPhotoCollectionViewCellViewModel.swift in Sources */ = {isa = PBXBuildFile; fileRef = 2BA71E062ADFBB0100C2A795 /* CharacterPhotoCollectionViewCellViewModel.swift */; };
		2BA71E092ADFBB2100C2A795 /* CharacterInfoCollectionViewCellViewModel.swift in Sources */ = {isa = PBXBuildFile; fileRef = 2BA71E082ADFBB2100C2A795 /* CharacterInfoCollectionViewCellViewModel.swift */; };
		2BA71E0B2ADFBB3800C2A795 /* CharacterEpisodeCollectionViewCellViewModel.swift in Sources */ = {isa = PBXBuildFile; fileRef = 2BA71E0A2ADFBB3800C2A795 /* CharacterEpisodeCollectionViewCellViewModel.swift */; };
		2BA71E0D2AE11DDD00C2A795 /* String+Extension.swift in Sources */ = {isa = PBXBuildFile; fileRef = 2BA71E0C2AE11DDD00C2A795 /* String+Extension.swift */; };
		2BA71E102AE19F5C00C2A795 /* EpisodeDetailViewController.swift in Sources */ = {isa = PBXBuildFile; fileRef = 2BA71E0F2AE19F5C00C2A795 /* EpisodeDetailViewController.swift */; };
		2BA71E122AE2595200C2A795 /* APICacheManager.swift in Sources */ = {isa = PBXBuildFile; fileRef = 2BA71E112AE2595100C2A795 /* APICacheManager.swift */; };
		2BA71E152AE286BA00C2A795 /* EpisodeDetailViewModel.swift in Sources */ = {isa = PBXBuildFile; fileRef = 2BA71E142AE286B900C2A795 /* EpisodeDetailViewModel.swift */; };
		2BA71E172AE2934300C2A795 /* EpisodeListViewModel.swift in Sources */ = {isa = PBXBuildFile; fileRef = 2BA71E162AE2934300C2A795 /* EpisodeListViewModel.swift */; };
		2BA71E192AE294FB00C2A795 /* EpisodesResponse.swift in Sources */ = {isa = PBXBuildFile; fileRef = 2BA71E182AE294FB00C2A795 /* EpisodesResponse.swift */; };
		2BCF7AB62ADABFCF00F5390D /* AppDelegate.swift in Sources */ = {isa = PBXBuildFile; fileRef = 2BCF7AB52ADABFCF00F5390D /* AppDelegate.swift */; };
		2BCF7AB82ADABFCF00F5390D /* SceneDelegate.swift in Sources */ = {isa = PBXBuildFile; fileRef = 2BCF7AB72ADABFCF00F5390D /* SceneDelegate.swift */; };
		2BCF7ABA2ADABFCF00F5390D /* TabViewController.swift in Sources */ = {isa = PBXBuildFile; fileRef = 2BCF7AB92ADABFCF00F5390D /* TabViewController.swift */; };
		2BCF7ABF2ADABFD200F5390D /* Assets.xcassets in Resources */ = {isa = PBXBuildFile; fileRef = 2BCF7ABE2ADABFD200F5390D /* Assets.xcassets */; };
		2BCF7AC22ADABFD200F5390D /* LaunchScreen.storyboard in Resources */ = {isa = PBXBuildFile; fileRef = 2BCF7AC02ADABFD200F5390D /* LaunchScreen.storyboard */; };
		2BCF7AD12ADAC21200F5390D /* Location.swift in Sources */ = {isa = PBXBuildFile; fileRef = 2BCF7AD02ADAC21200F5390D /* Location.swift */; };
		2BCF7AD32ADAC23300F5390D /* Character.swift in Sources */ = {isa = PBXBuildFile; fileRef = 2BCF7AD22ADAC23300F5390D /* Character.swift */; };
		2BCF7AD52ADAC24800F5390D /* Episode.swift in Sources */ = {isa = PBXBuildFile; fileRef = 2BCF7AD42ADAC24800F5390D /* Episode.swift */; };
		2BCF7AD82ADAC39B00F5390D /* CharacterListViewController.swift in Sources */ = {isa = PBXBuildFile; fileRef = 2BCF7AD72ADAC39B00F5390D /* CharacterListViewController.swift */; };
		2BCF7ADA2ADAC3AF00F5390D /* SettingsViewController.swift in Sources */ = {isa = PBXBuildFile; fileRef = 2BCF7AD92ADAC3AF00F5390D /* SettingsViewController.swift */; };
		2BCF7ADC2ADAC3BF00F5390D /* EpisodeListViewController.swift in Sources */ = {isa = PBXBuildFile; fileRef = 2BCF7ADB2ADAC3BF00F5390D /* EpisodeListViewController.swift */; };
		2BCF7ADE2ADAC3DE00F5390D /* LocationViewController.swift in Sources */ = {isa = PBXBuildFile; fileRef = 2BCF7ADD2ADAC3DE00F5390D /* LocationViewController.swift */; };
		2BCF7AE02ADAD7E700F5390D /* Service.swift in Sources */ = {isa = PBXBuildFile; fileRef = 2BCF7ADF2ADAD7E600F5390D /* Service.swift */; };
		2BCF7AE22ADAD7F400F5390D /* Request.swift in Sources */ = {isa = PBXBuildFile; fileRef = 2BCF7AE12ADAD7F400F5390D /* Request.swift */; };
		2BCF7AE42ADAD87B00F5390D /* Endpoint.swift in Sources */ = {isa = PBXBuildFile; fileRef = 2BCF7AE32ADAD87B00F5390D /* Endpoint.swift */; };
		2BCF7AE82ADB14A600F5390D /* CharactersResponse.swift in Sources */ = {isa = PBXBuildFile; fileRef = 2BCF7AE72ADB14A600F5390D /* CharactersResponse.swift */; };
		2BCF7AEA2ADB182C00F5390D /* CharacterListViewModel.swift in Sources */ = {isa = PBXBuildFile; fileRef = 2BCF7AE92ADB182B00F5390D /* CharacterListViewModel.swift */; };
		2BCF7AED2ADBC5A200F5390D /* UIView+Extension.swift in Sources */ = {isa = PBXBuildFile; fileRef = 2BCF7AEC2ADBC5A200F5390D /* UIView+Extension.swift */; };
		2BCF7AEF2ADBD91400F5390D /* CharacterCollectionViewCell.swift in Sources */ = {isa = PBXBuildFile; fileRef = 2BCF7AEE2ADBD91400F5390D /* CharacterCollectionViewCell.swift */; };
		2BCF7AF12ADBE14700F5390D /* CharacterCollectionViewCellViewModel.swift in Sources */ = {isa = PBXBuildFile; fileRef = 2BCF7AF02ADBE14700F5390D /* CharacterCollectionViewCellViewModel.swift */; };
/* End PBXBuildFile section */

/* Begin PBXFileReference section */
		2B13564F2AE3E1C700674E6F /* SearchViewController.swift */ = {isa = PBXFileReference; lastKnownFileType = sourcecode.swift; path = SearchViewController.swift; sourceTree = "<group>"; };
		2B1356522AE6536500674E6F /* EpisodeInfoCollectionViewCellViewModel.swift */ = {isa = PBXFileReference; lastKnownFileType = sourcecode.swift; path = EpisodeInfoCollectionViewCellViewModel.swift; sourceTree = "<group>"; };
		2B1356552AE6542500674E6F /* EpisodeInfoCollectionViewCell.swift */ = {isa = PBXFileReference; lastKnownFileType = sourcecode.swift; path = EpisodeInfoCollectionViewCell.swift; sourceTree = "<group>"; };
		2B8E63DB2ADC1EE30051F140 /* CharacterDetailViewController.swift */ = {isa = PBXFileReference; lastKnownFileType = sourcecode.swift; path = CharacterDetailViewController.swift; sourceTree = "<group>"; };
		2BA0EB852ADC22440004E1AA /* CharacterDetailViewModel.swift */ = {isa = PBXFileReference; lastKnownFileType = sourcecode.swift; path = CharacterDetailViewModel.swift; sourceTree = "<group>"; };
		2BA0EB872ADC3C2B0004E1AA /* ImageManager.swift */ = {isa = PBXFileReference; lastKnownFileType = sourcecode.swift; path = ImageManager.swift; sourceTree = "<group>"; };
		2BA0EB892ADC65BC0004E1AA /* FooterLoadingView.swift */ = {isa = PBXFileReference; lastKnownFileType = sourcecode.swift; path = FooterLoadingView.swift; sourceTree = "<group>"; };
		2BA71DFD2ADFB95000C2A795 /* CharacterPhotoCollectionViewCell.swift */ = {isa = PBXFileReference; lastKnownFileType = sourcecode.swift; path = CharacterPhotoCollectionViewCell.swift; sourceTree = "<group>"; };
		2BA71E002ADFB96500C2A795 /* CharacterInfoCollectionViewCell.swift */ = {isa = PBXFileReference; lastKnownFileType = sourcecode.swift; path = CharacterInfoCollectionViewCell.swift; sourceTree = "<group>"; };
		2BA71E022ADFBA9200C2A795 /* CharacterEpisodeCollectionViewCell.swift */ = {isa = PBXFileReference; lastKnownFileType = sourcecode.swift; path = CharacterEpisodeCollectionViewCell.swift; sourceTree = "<group>"; };
		2BA71E062ADFBB0100C2A795 /* CharacterPhotoCollectionViewCellViewModel.swift */ = {isa = PBXFileReference; lastKnownFileType = sourcecode.swift; path = CharacterPhotoCollectionViewCellViewModel.swift; sourceTree = "<group>"; };
		2BA71E082ADFBB2100C2A795 /* CharacterInfoCollectionViewCellViewModel.swift */ = {isa = PBXFileReference; lastKnownFileType = sourcecode.swift; path = CharacterInfoCollectionViewCellViewModel.swift; sourceTree = "<group>"; };
		2BA71E0A2ADFBB3800C2A795 /* CharacterEpisodeCollectionViewCellViewModel.swift */ = {isa = PBXFileReference; lastKnownFileType = sourcecode.swift; path = CharacterEpisodeCollectionViewCellViewModel.swift; sourceTree = "<group>"; };
		2BA71E0C2AE11DDD00C2A795 /* String+Extension.swift */ = {isa = PBXFileReference; lastKnownFileType = sourcecode.swift; path = "String+Extension.swift"; sourceTree = "<group>"; };
		2BA71E0F2AE19F5C00C2A795 /* EpisodeDetailViewController.swift */ = {isa = PBXFileReference; lastKnownFileType = sourcecode.swift; path = EpisodeDetailViewController.swift; sourceTree = "<group>"; };
		2BA71E112AE2595100C2A795 /* APICacheManager.swift */ = {isa = PBXFileReference; lastKnownFileType = sourcecode.swift; path = APICacheManager.swift; sourceTree = "<group>"; };
		2BA71E142AE286B900C2A795 /* EpisodeDetailViewModel.swift */ = {isa = PBXFileReference; lastKnownFileType = sourcecode.swift; path = EpisodeDetailViewModel.swift; sourceTree = "<group>"; };
		2BA71E162AE2934300C2A795 /* EpisodeListViewModel.swift */ = {isa = PBXFileReference; lastKnownFileType = sourcecode.swift; path = EpisodeListViewModel.swift; sourceTree = "<group>"; };
		2BA71E182AE294FB00C2A795 /* EpisodesResponse.swift */ = {isa = PBXFileReference; lastKnownFileType = sourcecode.swift; path = EpisodesResponse.swift; sourceTree = "<group>"; };
		2BCF7AB22ADABFCF00F5390D /* RickAndMorty.app */ = {isa = PBXFileReference; explicitFileType = wrapper.application; includeInIndex = 0; path = RickAndMorty.app; sourceTree = BUILT_PRODUCTS_DIR; };
		2BCF7AB52ADABFCF00F5390D /* AppDelegate.swift */ = {isa = PBXFileReference; lastKnownFileType = sourcecode.swift; path = AppDelegate.swift; sourceTree = "<group>"; };
		2BCF7AB72ADABFCF00F5390D /* SceneDelegate.swift */ = {isa = PBXFileReference; lastKnownFileType = sourcecode.swift; path = SceneDelegate.swift; sourceTree = "<group>"; };
		2BCF7AB92ADABFCF00F5390D /* TabViewController.swift */ = {isa = PBXFileReference; lastKnownFileType = sourcecode.swift; path = TabViewController.swift; sourceTree = "<group>"; };
		2BCF7ABE2ADABFD200F5390D /* Assets.xcassets */ = {isa = PBXFileReference; lastKnownFileType = folder.assetcatalog; path = Assets.xcassets; sourceTree = "<group>"; };
		2BCF7AC12ADABFD200F5390D /* Base */ = {isa = PBXFileReference; lastKnownFileType = file.storyboard; name = Base; path = Base.lproj/LaunchScreen.storyboard; sourceTree = "<group>"; };
		2BCF7AC32ADABFD200F5390D /* Info.plist */ = {isa = PBXFileReference; lastKnownFileType = text.plist.xml; path = Info.plist; sourceTree = "<group>"; };
		2BCF7AD02ADAC21200F5390D /* Location.swift */ = {isa = PBXFileReference; lastKnownFileType = sourcecode.swift; path = Location.swift; sourceTree = "<group>"; };
		2BCF7AD22ADAC23300F5390D /* Character.swift */ = {isa = PBXFileReference; lastKnownFileType = sourcecode.swift; path = Character.swift; sourceTree = "<group>"; };
		2BCF7AD42ADAC24800F5390D /* Episode.swift */ = {isa = PBXFileReference; lastKnownFileType = sourcecode.swift; path = Episode.swift; sourceTree = "<group>"; };
		2BCF7AD72ADAC39B00F5390D /* CharacterListViewController.swift */ = {isa = PBXFileReference; lastKnownFileType = sourcecode.swift; path = CharacterListViewController.swift; sourceTree = "<group>"; };
		2BCF7AD92ADAC3AF00F5390D /* SettingsViewController.swift */ = {isa = PBXFileReference; lastKnownFileType = sourcecode.swift; path = SettingsViewController.swift; sourceTree = "<group>"; };
		2BCF7ADB2ADAC3BF00F5390D /* EpisodeListViewController.swift */ = {isa = PBXFileReference; lastKnownFileType = sourcecode.swift; path = EpisodeListViewController.swift; sourceTree = "<group>"; };
		2BCF7ADD2ADAC3DE00F5390D /* LocationViewController.swift */ = {isa = PBXFileReference; lastKnownFileType = sourcecode.swift; path = LocationViewController.swift; sourceTree = "<group>"; };
		2BCF7ADF2ADAD7E600F5390D /* Service.swift */ = {isa = PBXFileReference; lastKnownFileType = sourcecode.swift; path = Service.swift; sourceTree = "<group>"; };
		2BCF7AE12ADAD7F400F5390D /* Request.swift */ = {isa = PBXFileReference; lastKnownFileType = sourcecode.swift; path = Request.swift; sourceTree = "<group>"; };
		2BCF7AE32ADAD87B00F5390D /* Endpoint.swift */ = {isa = PBXFileReference; lastKnownFileType = sourcecode.swift; path = Endpoint.swift; sourceTree = "<group>"; };
		2BCF7AE72ADB14A600F5390D /* CharactersResponse.swift */ = {isa = PBXFileReference; lastKnownFileType = sourcecode.swift; path = CharactersResponse.swift; sourceTree = "<group>"; };
		2BCF7AE92ADB182B00F5390D /* CharacterListViewModel.swift */ = {isa = PBXFileReference; lastKnownFileType = sourcecode.swift; path = CharacterListViewModel.swift; sourceTree = "<group>"; };
		2BCF7AEC2ADBC5A200F5390D /* UIView+Extension.swift */ = {isa = PBXFileReference; lastKnownFileType = sourcecode.swift; path = "UIView+Extension.swift"; sourceTree = "<group>"; };
		2BCF7AEE2ADBD91400F5390D /* CharacterCollectionViewCell.swift */ = {isa = PBXFileReference; lastKnownFileType = sourcecode.swift; path = CharacterCollectionViewCell.swift; sourceTree = "<group>"; };
		2BCF7AF02ADBE14700F5390D /* CharacterCollectionViewCellViewModel.swift */ = {isa = PBXFileReference; lastKnownFileType = sourcecode.swift; path = CharacterCollectionViewCellViewModel.swift; sourceTree = "<group>"; };
/* End PBXFileReference section */

/* Begin PBXFrameworksBuildPhase section */
		2BCF7AAF2ADABFCF00F5390D /* Frameworks */ = {
			isa = PBXFrameworksBuildPhase;
			buildActionMask = 2147483647;
			files = (
			);
			runOnlyForDeploymentPostprocessing = 0;
		};
/* End PBXFrameworksBuildPhase section */

/* Begin PBXGroup section */
		2B1356512AE6533900674E6F /* Episode Detail */ = {
			isa = PBXGroup;
			children = (
				2BA71E142AE286B900C2A795 /* EpisodeDetailViewModel.swift */,
				2B1356522AE6536500674E6F /* EpisodeInfoCollectionViewCellViewModel.swift */,
			);
			path = "Episode Detail";
			sourceTree = "<group>";
		};
		2B1356542AE6541000674E6F /* Episode Detail */ = {
			isa = PBXGroup;
			children = (
				2B1356552AE6542500674E6F /* EpisodeInfoCollectionViewCell.swift */,
			);
			path = "Episode Detail";
			sourceTree = "<group>";
		};
		2B8E63DA2ADC1EB20051F140 /* Other */ = {
			isa = PBXGroup;
			children = (
				2B8E63DB2ADC1EE30051F140 /* CharacterDetailViewController.swift */,
				2BA71E0F2AE19F5C00C2A795 /* EpisodeDetailViewController.swift */,
				2B13564F2AE3E1C700674E6F /* SearchViewController.swift */,
			);
			path = Other;
			sourceTree = "<group>";
		};
		2BA71DFB2ADFB8DB00C2A795 /* Character Detail */ = {
			isa = PBXGroup;
			children = (
				2BA71DFD2ADFB95000C2A795 /* CharacterPhotoCollectionViewCell.swift */,
				2BA71E002ADFB96500C2A795 /* CharacterInfoCollectionViewCell.swift */,
				2BA71E022ADFBA9200C2A795 /* CharacterEpisodeCollectionViewCell.swift */,
			);
			path = "Character Detail";
			sourceTree = "<group>";
		};
		2BA71DFC2ADFB8FB00C2A795 /* Character */ = {
			isa = PBXGroup;
			children = (
				2BCF7AEE2ADBD91400F5390D /* CharacterCollectionViewCell.swift */,
			);
			path = Character;
			sourceTree = "<group>";
		};
		2BA71E042ADFBAB300C2A795 /* Character */ = {
			isa = PBXGroup;
			children = (
				2BCF7AE92ADB182B00F5390D /* CharacterListViewModel.swift */,
				2BCF7AF02ADBE14700F5390D /* CharacterCollectionViewCellViewModel.swift */,
			);
			path = Character;
			sourceTree = "<group>";
		};
		2BA71E052ADFBAC100C2A795 /* Character Detail */ = {
			isa = PBXGroup;
			children = (
				2BA0EB852ADC22440004E1AA /* CharacterDetailViewModel.swift */,
				2BA71E062ADFBB0100C2A795 /* CharacterPhotoCollectionViewCellViewModel.swift */,
				2BA71E082ADFBB2100C2A795 /* CharacterInfoCollectionViewCellViewModel.swift */,
				2BA71E0A2ADFBB3800C2A795 /* CharacterEpisodeCollectionViewCellViewModel.swift */,
			);
			path = "Character Detail";
			sourceTree = "<group>";
		};
		2BA71E132AE2868D00C2A795 /* Episode */ = {
			isa = PBXGroup;
			children = (
				2BA71E162AE2934300C2A795 /* EpisodeListViewModel.swift */,
			);
			path = Episode;
			sourceTree = "<group>";
		};
		2BCF7AA92ADABFCF00F5390D = {
			isa = PBXGroup;
			children = (
				2BCF7AB42ADABFCF00F5390D /* RickAndMorty */,
				2BCF7AB32ADABFCF00F5390D /* Products */,
			);
			sourceTree = "<group>";
		};
		2BCF7AB32ADABFCF00F5390D /* Products */ = {
			isa = PBXGroup;
			children = (
				2BCF7AB22ADABFCF00F5390D /* RickAndMorty.app */,
			);
			name = Products;
			sourceTree = "<group>";
		};
		2BCF7AB42ADABFCF00F5390D /* RickAndMorty */ = {
			isa = PBXGroup;
			children = (
				2BCF7AEB2ADBC58800F5390D /* Extensions */,
				2BCF7ACF2ADAC16700F5390D /* Resources */,
				2BCF7ACE2ADAC15800F5390D /* Managers */,
				2BCF7ACD2ADAC15100F5390D /* APIClient */,
				2BCF7ACC2ADAC14B00F5390D /* ViewModels */,
				2BCF7ACB2ADAC13F00F5390D /* Views */,
				2BCF7ACA2ADAC11500F5390D /* Models */,
				2BCF7AC92ADAC0EE00F5390D /* Controllers */,
				2BCF7AC32ADABFD200F5390D /* Info.plist */,
			);
			path = RickAndMorty;
			sourceTree = "<group>";
		};
		2BCF7AC92ADAC0EE00F5390D /* Controllers */ = {
			isa = PBXGroup;
			children = (
				2B8E63DA2ADC1EB20051F140 /* Other */,
				2BCF7AD62ADAC36000F5390D /* Core */,
			);
			name = Controllers;
			path = "New Group";
			sourceTree = "<group>";
		};
		2BCF7ACA2ADAC11500F5390D /* Models */ = {
			isa = PBXGroup;
			children = (
				2BCF7AE62ADB148800F5390D /* Response */,
				2BCF7AE52ADB147B00F5390D /* Data */,
			);
			name = Models;
			path = "New Group";
			sourceTree = "<group>";
		};
		2BCF7ACB2ADAC13F00F5390D /* Views */ = {
			isa = PBXGroup;
			children = (
				2B1356542AE6541000674E6F /* Episode Detail */,
				2BA71DFC2ADFB8FB00C2A795 /* Character */,
				2BA71DFB2ADFB8DB00C2A795 /* Character Detail */,
				2BA0EB892ADC65BC0004E1AA /* FooterLoadingView.swift */,
			);
			path = Views;
			sourceTree = "<group>";
		};
		2BCF7ACC2ADAC14B00F5390D /* ViewModels */ = {
			isa = PBXGroup;
			children = (
				2B1356512AE6533900674E6F /* Episode Detail */,
				2BA71E132AE2868D00C2A795 /* Episode */,
				2BA71E042ADFBAB300C2A795 /* Character */,
				2BA71E052ADFBAC100C2A795 /* Character Detail */,
			);
			path = ViewModels;
			sourceTree = "<group>";
		};
		2BCF7ACD2ADAC15100F5390D /* APIClient */ = {
			isa = PBXGroup;
			children = (
				2BCF7ADF2ADAD7E600F5390D /* Service.swift */,
				2BCF7AE12ADAD7F400F5390D /* Request.swift */,
				2BCF7AE32ADAD87B00F5390D /* Endpoint.swift */,
			);
			path = APIClient;
			sourceTree = "<group>";
		};
		2BCF7ACE2ADAC15800F5390D /* Managers */ = {
			isa = PBXGroup;
			children = (
				2BA0EB872ADC3C2B0004E1AA /* ImageManager.swift */,
				2BA71E112AE2595100C2A795 /* APICacheManager.swift */,
			);
			path = Managers;
			sourceTree = "<group>";
		};
		2BCF7ACF2ADAC16700F5390D /* Resources */ = {
			isa = PBXGroup;
			children = (
				2BCF7AB52ADABFCF00F5390D /* AppDelegate.swift */,
				2BCF7AB72ADABFCF00F5390D /* SceneDelegate.swift */,
				2BCF7ABE2ADABFD200F5390D /* Assets.xcassets */,
				2BCF7AC02ADABFD200F5390D /* LaunchScreen.storyboard */,
			);
			path = Resources;
			sourceTree = "<group>";
		};
		2BCF7AD62ADAC36000F5390D /* Core */ = {
			isa = PBXGroup;
			children = (
				2BCF7AB92ADABFCF00F5390D /* TabViewController.swift */,
				2BCF7AD72ADAC39B00F5390D /* CharacterListViewController.swift */,
				2BCF7AD92ADAC3AF00F5390D /* SettingsViewController.swift */,
				2BCF7ADB2ADAC3BF00F5390D /* EpisodeListViewController.swift */,
				2BCF7ADD2ADAC3DE00F5390D /* LocationViewController.swift */,
			);
			path = Core;
			sourceTree = "<group>";
		};
		2BCF7AE52ADB147B00F5390D /* Data */ = {
			isa = PBXGroup;
			children = (
				2BCF7AD02ADAC21200F5390D /* Location.swift */,
				2BCF7AD22ADAC23300F5390D /* Character.swift */,
				2BCF7AD42ADAC24800F5390D /* Episode.swift */,
			);
			path = Data;
			sourceTree = "<group>";
		};
		2BCF7AE62ADB148800F5390D /* Response */ = {
			isa = PBXGroup;
			children = (
				2BCF7AE72ADB14A600F5390D /* CharactersResponse.swift */,
				2BA71E182AE294FB00C2A795 /* EpisodesResponse.swift */,
			);
			path = Response;
			sourceTree = "<group>";
		};
		2BCF7AEB2ADBC58800F5390D /* Extensions */ = {
			isa = PBXGroup;
			children = (
				2BCF7AEC2ADBC5A200F5390D /* UIView+Extension.swift */,
				2BA71E0C2AE11DDD00C2A795 /* String+Extension.swift */,
			);
			path = Extensions;
			sourceTree = "<group>";
		};
/* End PBXGroup section */

/* Begin PBXNativeTarget section */
		2BCF7AB12ADABFCF00F5390D /* RickAndMorty */ = {
			isa = PBXNativeTarget;
			buildConfigurationList = 2BCF7AC62ADABFD200F5390D /* Build configuration list for PBXNativeTarget "RickAndMorty" */;
			buildPhases = (
				2BCF7AAE2ADABFCF00F5390D /* Sources */,
				2BCF7AAF2ADABFCF00F5390D /* Frameworks */,
				2BCF7AB02ADABFCF00F5390D /* Resources */,
			);
			buildRules = (
			);
			dependencies = (
			);
			name = RickAndMorty;
			productName = RickAndMorty;
			productReference = 2BCF7AB22ADABFCF00F5390D /* RickAndMorty.app */;
			productType = "com.apple.product-type.application";
		};
/* End PBXNativeTarget section */

/* Begin PBXProject section */
		2BCF7AAA2ADABFCF00F5390D /* Project object */ = {
			isa = PBXProject;
			attributes = {
				BuildIndependentTargetsInParallel = 1;
				LastSwiftUpdateCheck = 1430;
				LastUpgradeCheck = 1430;
				TargetAttributes = {
					2BCF7AB12ADABFCF00F5390D = {
						CreatedOnToolsVersion = 14.3.1;
					};
				};
			};
			buildConfigurationList = 2BCF7AAD2ADABFCF00F5390D /* Build configuration list for PBXProject "RickAndMorty" */;
			compatibilityVersion = "Xcode 14.0";
			developmentRegion = en;
			hasScannedForEncodings = 0;
			knownRegions = (
				en,
				Base,
			);
			mainGroup = 2BCF7AA92ADABFCF00F5390D;
			productRefGroup = 2BCF7AB32ADABFCF00F5390D /* Products */;
			projectDirPath = "";
			projectRoot = "";
			targets = (
				2BCF7AB12ADABFCF00F5390D /* RickAndMorty */,
			);
		};
/* End PBXProject section */

/* Begin PBXResourcesBuildPhase section */
		2BCF7AB02ADABFCF00F5390D /* Resources */ = {
			isa = PBXResourcesBuildPhase;
			buildActionMask = 2147483647;
			files = (
				2BCF7AC22ADABFD200F5390D /* LaunchScreen.storyboard in Resources */,
				2BCF7ABF2ADABFD200F5390D /* Assets.xcassets in Resources */,
			);
			runOnlyForDeploymentPostprocessing = 0;
		};
/* End PBXResourcesBuildPhase section */

/* Begin PBXSourcesBuildPhase section */
		2BCF7AAE2ADABFCF00F5390D /* Sources */ = {
			isa = PBXSourcesBuildPhase;
			buildActionMask = 2147483647;
			files = (
				2BA71E012ADFB96500C2A795 /* CharacterInfoCollectionViewCell.swift in Sources */,
				2BCF7ABA2ADABFCF00F5390D /* TabViewController.swift in Sources */,
				2BA71E192AE294FB00C2A795 /* EpisodesResponse.swift in Sources */,
				2BCF7AE22ADAD7F400F5390D /* Request.swift in Sources */,
				2B8E63DC2ADC1EE30051F140 /* CharacterDetailViewController.swift in Sources */,
				2BCF7AED2ADBC5A200F5390D /* UIView+Extension.swift in Sources */,
				2BA71E032ADFBA9200C2A795 /* CharacterEpisodeCollectionViewCell.swift in Sources */,
				2BCF7ADC2ADAC3BF00F5390D /* EpisodeListViewController.swift in Sources */,
				2BCF7AE42ADAD87B00F5390D /* Endpoint.swift in Sources */,
				2B1356562AE6542500674E6F /* EpisodeInfoCollectionViewCell.swift in Sources */,
				2BA71E122AE2595200C2A795 /* APICacheManager.swift in Sources */,
				2BA71DFE2ADFB95000C2A795 /* CharacterPhotoCollectionViewCell.swift in Sources */,
				2BCF7AD52ADAC24800F5390D /* Episode.swift in Sources */,
				2BA71E072ADFBB0100C2A795 /* CharacterPhotoCollectionViewCellViewModel.swift in Sources */,
				2BCF7AEF2ADBD91400F5390D /* CharacterCollectionViewCell.swift in Sources */,
				2BCF7AD82ADAC39B00F5390D /* CharacterListViewController.swift in Sources */,
				2B1356502AE3E1C700674E6F /* SearchViewController.swift in Sources */,
				2BA0EB882ADC3C2B0004E1AA /* ImageManager.swift in Sources */,
				2BCF7AB62ADABFCF00F5390D /* AppDelegate.swift in Sources */,
				2BCF7ADE2ADAC3DE00F5390D /* LocationViewController.swift in Sources */,
				2BA71E0D2AE11DDD00C2A795 /* String+Extension.swift in Sources */,
				2BCF7AD32ADAC23300F5390D /* Character.swift in Sources */,
				2BA71E0B2ADFBB3800C2A795 /* CharacterEpisodeCollectionViewCellViewModel.swift in Sources */,
				2BCF7AD12ADAC21200F5390D /* Location.swift in Sources */,
				2BA71E172AE2934300C2A795 /* EpisodeListViewModel.swift in Sources */,
				2BCF7AE02ADAD7E700F5390D /* Service.swift in Sources */,
				2BCF7AB82ADABFCF00F5390D /* SceneDelegate.swift in Sources */,
				2BA0EB8A2ADC65BC0004E1AA /* FooterLoadingView.swift in Sources */,
				2BCF7AE82ADB14A600F5390D /* CharactersResponse.swift in Sources */,
				2BCF7AEA2ADB182C00F5390D /* CharacterListViewModel.swift in Sources */,
				2BA71E102AE19F5C00C2A795 /* EpisodeDetailViewController.swift in Sources */,
				2BA0EB862ADC22440004E1AA /* CharacterDetailViewModel.swift in Sources */,
				2BA71E092ADFBB2100C2A795 /* CharacterInfoCollectionViewCellViewModel.swift in Sources */,
				2BCF7ADA2ADAC3AF00F5390D /* SettingsViewController.swift in Sources */,
				2BCF7AF12ADBE14700F5390D /* CharacterCollectionViewCellViewModel.swift in Sources */,
				2BA71E152AE286BA00C2A795 /* EpisodeDetailViewModel.swift in Sources */,
				2B1356532AE6536500674E6F /* EpisodeInfoCollectionViewCellViewModel.swift in Sources */,
			);
			runOnlyForDeploymentPostprocessing = 0;
		};
/* End PBXSourcesBuildPhase section */

/* Begin PBXVariantGroup section */
		2BCF7AC02ADABFD200F5390D /* LaunchScreen.storyboard */ = {
			isa = PBXVariantGroup;
			children = (
				2BCF7AC12ADABFD200F5390D /* Base */,
			);
			name = LaunchScreen.storyboard;
			sourceTree = "<group>";
		};
/* End PBXVariantGroup section */

/* Begin XCBuildConfiguration section */
		2BCF7AC42ADABFD200F5390D /* Debug */ = {
			isa = XCBuildConfiguration;
			buildSettings = {
				ALWAYS_SEARCH_USER_PATHS = NO;
				CLANG_ANALYZER_NONNULL = YES;
				CLANG_ANALYZER_NUMBER_OBJECT_CONVERSION = YES_AGGRESSIVE;
				CLANG_CXX_LANGUAGE_STANDARD = "gnu++20";
				CLANG_ENABLE_MODULES = YES;
				CLANG_ENABLE_OBJC_ARC = YES;
				CLANG_ENABLE_OBJC_WEAK = YES;
				CLANG_WARN_BLOCK_CAPTURE_AUTORELEASING = YES;
				CLANG_WARN_BOOL_CONVERSION = YES;
				CLANG_WARN_COMMA = YES;
				CLANG_WARN_CONSTANT_CONVERSION = YES;
				CLANG_WARN_DEPRECATED_OBJC_IMPLEMENTATIONS = YES;
				CLANG_WARN_DIRECT_OBJC_ISA_USAGE = YES_ERROR;
				CLANG_WARN_DOCUMENTATION_COMMENTS = YES;
				CLANG_WARN_EMPTY_BODY = YES;
				CLANG_WARN_ENUM_CONVERSION = YES;
				CLANG_WARN_INFINITE_RECURSION = YES;
				CLANG_WARN_INT_CONVERSION = YES;
				CLANG_WARN_NON_LITERAL_NULL_CONVERSION = YES;
				CLANG_WARN_OBJC_IMPLICIT_RETAIN_SELF = YES;
				CLANG_WARN_OBJC_LITERAL_CONVERSION = YES;
				CLANG_WARN_OBJC_ROOT_CLASS = YES_ERROR;
				CLANG_WARN_QUOTED_INCLUDE_IN_FRAMEWORK_HEADER = YES;
				CLANG_WARN_RANGE_LOOP_ANALYSIS = YES;
				CLANG_WARN_STRICT_PROTOTYPES = YES;
				CLANG_WARN_SUSPICIOUS_MOVE = YES;
				CLANG_WARN_UNGUARDED_AVAILABILITY = YES_AGGRESSIVE;
				CLANG_WARN_UNREACHABLE_CODE = YES;
				CLANG_WARN__DUPLICATE_METHOD_MATCH = YES;
				COPY_PHASE_STRIP = NO;
				DEBUG_INFORMATION_FORMAT = dwarf;
				ENABLE_STRICT_OBJC_MSGSEND = YES;
				ENABLE_TESTABILITY = YES;
				GCC_C_LANGUAGE_STANDARD = gnu11;
				GCC_DYNAMIC_NO_PIC = NO;
				GCC_NO_COMMON_BLOCKS = YES;
				GCC_OPTIMIZATION_LEVEL = 0;
				GCC_PREPROCESSOR_DEFINITIONS = (
					"DEBUG=1",
					"$(inherited)",
				);
				GCC_WARN_64_TO_32_BIT_CONVERSION = YES;
				GCC_WARN_ABOUT_RETURN_TYPE = YES_ERROR;
				GCC_WARN_UNDECLARED_SELECTOR = YES;
				GCC_WARN_UNINITIALIZED_AUTOS = YES_AGGRESSIVE;
				GCC_WARN_UNUSED_FUNCTION = YES;
				GCC_WARN_UNUSED_VARIABLE = YES;
				IPHONEOS_DEPLOYMENT_TARGET = 16.4;
				MTL_ENABLE_DEBUG_INFO = INCLUDE_SOURCE;
				MTL_FAST_MATH = YES;
				ONLY_ACTIVE_ARCH = YES;
				SDKROOT = iphoneos;
				SWIFT_ACTIVE_COMPILATION_CONDITIONS = DEBUG;
				SWIFT_OPTIMIZATION_LEVEL = "-Onone";
			};
			name = Debug;
		};
		2BCF7AC52ADABFD200F5390D /* Release */ = {
			isa = XCBuildConfiguration;
			buildSettings = {
				ALWAYS_SEARCH_USER_PATHS = NO;
				CLANG_ANALYZER_NONNULL = YES;
				CLANG_ANALYZER_NUMBER_OBJECT_CONVERSION = YES_AGGRESSIVE;
				CLANG_CXX_LANGUAGE_STANDARD = "gnu++20";
				CLANG_ENABLE_MODULES = YES;
				CLANG_ENABLE_OBJC_ARC = YES;
				CLANG_ENABLE_OBJC_WEAK = YES;
				CLANG_WARN_BLOCK_CAPTURE_AUTORELEASING = YES;
				CLANG_WARN_BOOL_CONVERSION = YES;
				CLANG_WARN_COMMA = YES;
				CLANG_WARN_CONSTANT_CONVERSION = YES;
				CLANG_WARN_DEPRECATED_OBJC_IMPLEMENTATIONS = YES;
				CLANG_WARN_DIRECT_OBJC_ISA_USAGE = YES_ERROR;
				CLANG_WARN_DOCUMENTATION_COMMENTS = YES;
				CLANG_WARN_EMPTY_BODY = YES;
				CLANG_WARN_ENUM_CONVERSION = YES;
				CLANG_WARN_INFINITE_RECURSION = YES;
				CLANG_WARN_INT_CONVERSION = YES;
				CLANG_WARN_NON_LITERAL_NULL_CONVERSION = YES;
				CLANG_WARN_OBJC_IMPLICIT_RETAIN_SELF = YES;
				CLANG_WARN_OBJC_LITERAL_CONVERSION = YES;
				CLANG_WARN_OBJC_ROOT_CLASS = YES_ERROR;
				CLANG_WARN_QUOTED_INCLUDE_IN_FRAMEWORK_HEADER = YES;
				CLANG_WARN_RANGE_LOOP_ANALYSIS = YES;
				CLANG_WARN_STRICT_PROTOTYPES = YES;
				CLANG_WARN_SUSPICIOUS_MOVE = YES;
				CLANG_WARN_UNGUARDED_AVAILABILITY = YES_AGGRESSIVE;
				CLANG_WARN_UNREACHABLE_CODE = YES;
				CLANG_WARN__DUPLICATE_METHOD_MATCH = YES;
				COPY_PHASE_STRIP = NO;
				DEBUG_INFORMATION_FORMAT = "dwarf-with-dsym";
				ENABLE_NS_ASSERTIONS = NO;
				ENABLE_STRICT_OBJC_MSGSEND = YES;
				GCC_C_LANGUAGE_STANDARD = gnu11;
				GCC_NO_COMMON_BLOCKS = YES;
				GCC_WARN_64_TO_32_BIT_CONVERSION = YES;
				GCC_WARN_ABOUT_RETURN_TYPE = YES_ERROR;
				GCC_WARN_UNDECLARED_SELECTOR = YES;
				GCC_WARN_UNINITIALIZED_AUTOS = YES_AGGRESSIVE;
				GCC_WARN_UNUSED_FUNCTION = YES;
				GCC_WARN_UNUSED_VARIABLE = YES;
				IPHONEOS_DEPLOYMENT_TARGET = 16.4;
				MTL_ENABLE_DEBUG_INFO = NO;
				MTL_FAST_MATH = YES;
				SDKROOT = iphoneos;
				SWIFT_COMPILATION_MODE = wholemodule;
				SWIFT_OPTIMIZATION_LEVEL = "-O";
				VALIDATE_PRODUCT = YES;
			};
			name = Release;
		};
		2BCF7AC72ADABFD200F5390D /* Debug */ = {
			isa = XCBuildConfiguration;
			buildSettings = {
				ASSETCATALOG_COMPILER_APPICON_NAME = AppIcon;
				ASSETCATALOG_COMPILER_GLOBAL_ACCENT_COLOR_NAME = AccentColor;
				CODE_SIGN_STYLE = Automatic;
				CURRENT_PROJECT_VERSION = 1;
				DEVELOPMENT_TEAM = KUZFMUE789;
				GENERATE_INFOPLIST_FILE = YES;
				INFOPLIST_FILE = RickAndMorty/Info.plist;
				INFOPLIST_KEY_UIApplicationSupportsIndirectInputEvents = YES;
				INFOPLIST_KEY_UILaunchStoryboardName = LaunchScreen;
				INFOPLIST_KEY_UISupportedInterfaceOrientations_iPad = "UIInterfaceOrientationPortrait UIInterfaceOrientationPortraitUpsideDown UIInterfaceOrientationLandscapeLeft UIInterfaceOrientationLandscapeRight";
				INFOPLIST_KEY_UISupportedInterfaceOrientations_iPhone = "UIInterfaceOrientationPortrait UIInterfaceOrientationLandscapeLeft UIInterfaceOrientationLandscapeRight";
				LD_RUNPATH_SEARCH_PATHS = (
					"$(inherited)",
					"@executable_path/Frameworks",
				);
				MARKETING_VERSION = 1.0;
				PRODUCT_BUNDLE_IDENTIFIER = com.kunaltyagi.RickAndMorty;
				PRODUCT_NAME = "$(TARGET_NAME)";
				SWIFT_EMIT_LOC_STRINGS = YES;
				SWIFT_VERSION = 5.0;
				TARGETED_DEVICE_FAMILY = "1,2";
			};
			name = Debug;
		};
		2BCF7AC82ADABFD200F5390D /* Release */ = {
			isa = XCBuildConfiguration;
			buildSettings = {
				ASSETCATALOG_COMPILER_APPICON_NAME = AppIcon;
				ASSETCATALOG_COMPILER_GLOBAL_ACCENT_COLOR_NAME = AccentColor;
				CODE_SIGN_STYLE = Automatic;
				CURRENT_PROJECT_VERSION = 1;
				DEVELOPMENT_TEAM = KUZFMUE789;
				GENERATE_INFOPLIST_FILE = YES;
				INFOPLIST_FILE = RickAndMorty/Info.plist;
				INFOPLIST_KEY_UIApplicationSupportsIndirectInputEvents = YES;
				INFOPLIST_KEY_UILaunchStoryboardName = LaunchScreen;
				INFOPLIST_KEY_UISupportedInterfaceOrientations_iPad = "UIInterfaceOrientationPortrait UIInterfaceOrientationPortraitUpsideDown UIInterfaceOrientationLandscapeLeft UIInterfaceOrientationLandscapeRight";
				INFOPLIST_KEY_UISupportedInterfaceOrientations_iPhone = "UIInterfaceOrientationPortrait UIInterfaceOrientationLandscapeLeft UIInterfaceOrientationLandscapeRight";
				LD_RUNPATH_SEARCH_PATHS = (
					"$(inherited)",
					"@executable_path/Frameworks",
				);
				MARKETING_VERSION = 1.0;
				PRODUCT_BUNDLE_IDENTIFIER = com.kunaltyagi.RickAndMorty;
				PRODUCT_NAME = "$(TARGET_NAME)";
				SWIFT_EMIT_LOC_STRINGS = YES;
				SWIFT_VERSION = 5.0;
				TARGETED_DEVICE_FAMILY = "1,2";
			};
			name = Release;
		};
/* End XCBuildConfiguration section */

/* Begin XCConfigurationList section */
		2BCF7AAD2ADABFCF00F5390D /* Build configuration list for PBXProject "RickAndMorty" */ = {
			isa = XCConfigurationList;
			buildConfigurations = (
				2BCF7AC42ADABFD200F5390D /* Debug */,
				2BCF7AC52ADABFD200F5390D /* Release */,
			);
			defaultConfigurationIsVisible = 0;
			defaultConfigurationName = Release;
		};
		2BCF7AC62ADABFD200F5390D /* Build configuration list for PBXNativeTarget "RickAndMorty" */ = {
			isa = XCConfigurationList;
			buildConfigurations = (
				2BCF7AC72ADABFD200F5390D /* Debug */,
				2BCF7AC82ADABFD200F5390D /* Release */,
			);
			defaultConfigurationIsVisible = 0;
			defaultConfigurationName = Release;
		};
/* End XCConfigurationList section */
	};
	rootObject = 2BCF7AAA2ADABFCF00F5390D /* Project object */;
}
